// !$*UTF8*$!
{
	archiveVersion = 1;
	classes = {
	};
	objectVersion = 51;
	objects = {

/* Begin PBXBuildFile section */
		41103AF30C0D98362A52CD14 /* Pods_Switch_Bar_Switch_BarUITests.framework in Frameworks */ = {isa = PBXBuildFile; fileRef = 83D402D732459194EE4C4CE9 /* Pods_Switch_Bar_Switch_BarUITests.framework */; };
		7C41C8F33109BC87CCE3AFCB /* Pods_Switch_BarTests.framework in Frameworks */ = {isa = PBXBuildFile; fileRef = 00AD5E033AEE5B8A34D697CF /* Pods_Switch_BarTests.framework */; };
		CB7C9A8237ED1E1DF500B4A0 /* Pods_Switch_Bar.framework in Frameworks */ = {isa = PBXBuildFile; fileRef = 9974A022BB79C22968D869D0 /* Pods_Switch_Bar.framework */; };
		D60BF6CC262C7B0900C73166 /* AppDelegate.swift in Sources */ = {isa = PBXBuildFile; fileRef = D60BF6CB262C7B0900C73166 /* AppDelegate.swift */; };
		D60BF6CE262C7B0900C73166 /* SceneDelegate.swift in Sources */ = {isa = PBXBuildFile; fileRef = D60BF6CD262C7B0900C73166 /* SceneDelegate.swift */; };
		D60BF6D0262C7B0900C73166 /* ViewController.swift in Sources */ = {isa = PBXBuildFile; fileRef = D60BF6CF262C7B0900C73166 /* ViewController.swift */; };
		D60BF6D3262C7B0900C73166 /* Main.storyboard in Resources */ = {isa = PBXBuildFile; fileRef = D60BF6D1262C7B0900C73166 /* Main.storyboard */; };
		D60BF6D5262C7B0A00C73166 /* Assets.xcassets in Resources */ = {isa = PBXBuildFile; fileRef = D60BF6D4262C7B0A00C73166 /* Assets.xcassets */; };
		D60BF6D8262C7B0A00C73166 /* LaunchScreen.storyboard in Resources */ = {isa = PBXBuildFile; fileRef = D60BF6D6262C7B0A00C73166 /* LaunchScreen.storyboard */; };
		D60BF6E3262C7B0A00C73166 /* Switch_BarTests.swift in Sources */ = {isa = PBXBuildFile; fileRef = D60BF6E2262C7B0A00C73166 /* Switch_BarTests.swift */; };
		D60BF6EE262C7B0A00C73166 /* Switch_BarUITests.swift in Sources */ = {isa = PBXBuildFile; fileRef = D60BF6ED262C7B0A00C73166 /* Switch_BarUITests.swift */; };
		D60BF709262C80DC00C73166 /* CustomSwitchBar.swift in Sources */ = {isa = PBXBuildFile; fileRef = D60BF708262C80DC00C73166 /* CustomSwitchBar.swift */; };
/* End PBXBuildFile section */

/* Begin PBXContainerItemProxy section */
		D60BF6DF262C7B0A00C73166 /* PBXContainerItemProxy */ = {
			isa = PBXContainerItemProxy;
			containerPortal = D60BF6C0262C7B0900C73166 /* Project object */;
			proxyType = 1;
			remoteGlobalIDString = D60BF6C7262C7B0900C73166;
			remoteInfo = "Switch Bar";
		};
		D60BF6EA262C7B0A00C73166 /* PBXContainerItemProxy */ = {
			isa = PBXContainerItemProxy;
			containerPortal = D60BF6C0262C7B0900C73166 /* Project object */;
			proxyType = 1;
			remoteGlobalIDString = D60BF6C7262C7B0900C73166;
			remoteInfo = "Switch Bar";
		};
/* End PBXContainerItemProxy section */

/* Begin PBXFileReference section */
		00AD5E033AEE5B8A34D697CF /* Pods_Switch_BarTests.framework */ = {isa = PBXFileReference; explicitFileType = wrapper.framework; includeInIndex = 0; path = Pods_Switch_BarTests.framework; sourceTree = BUILT_PRODUCTS_DIR; };
		1D966A1BC85BA0D0A0C6B50C /* Pods-Switch Bar.debug.xcconfig */ = {isa = PBXFileReference; includeInIndex = 1; lastKnownFileType = text.xcconfig; name = "Pods-Switch Bar.debug.xcconfig"; path = "Target Support Files/Pods-Switch Bar/Pods-Switch Bar.debug.xcconfig"; sourceTree = "<group>"; };
		3C6107EB09424C174A21E0B3 /* Pods-Switch Bar-Switch BarUITests.release.xcconfig */ = {isa = PBXFileReference; includeInIndex = 1; lastKnownFileType = text.xcconfig; name = "Pods-Switch Bar-Switch BarUITests.release.xcconfig"; path = "Target Support Files/Pods-Switch Bar-Switch BarUITests/Pods-Switch Bar-Switch BarUITests.release.xcconfig"; sourceTree = "<group>"; };
		54B6FD09D6960277B5378571 /* Pods-Switch BarTests.debug.xcconfig */ = {isa = PBXFileReference; includeInIndex = 1; lastKnownFileType = text.xcconfig; name = "Pods-Switch BarTests.debug.xcconfig"; path = "Target Support Files/Pods-Switch BarTests/Pods-Switch BarTests.debug.xcconfig"; sourceTree = "<group>"; };
		6DBADC565F4FD08CC0FE570A /* Pods-Switch BarTests.release.xcconfig */ = {isa = PBXFileReference; includeInIndex = 1; lastKnownFileType = text.xcconfig; name = "Pods-Switch BarTests.release.xcconfig"; path = "Target Support Files/Pods-Switch BarTests/Pods-Switch BarTests.release.xcconfig"; sourceTree = "<group>"; };
		83D402D732459194EE4C4CE9 /* Pods_Switch_Bar_Switch_BarUITests.framework */ = {isa = PBXFileReference; explicitFileType = wrapper.framework; includeInIndex = 0; path = Pods_Switch_Bar_Switch_BarUITests.framework; sourceTree = BUILT_PRODUCTS_DIR; };
		841B39EAE9D44C480955DC4D /* Pods-Switch Bar-Switch BarUITests.debug.xcconfig */ = {isa = PBXFileReference; includeInIndex = 1; lastKnownFileType = text.xcconfig; name = "Pods-Switch Bar-Switch BarUITests.debug.xcconfig"; path = "Target Support Files/Pods-Switch Bar-Switch BarUITests/Pods-Switch Bar-Switch BarUITests.debug.xcconfig"; sourceTree = "<group>"; };
		9974A022BB79C22968D869D0 /* Pods_Switch_Bar.framework */ = {isa = PBXFileReference; explicitFileType = wrapper.framework; includeInIndex = 0; path = Pods_Switch_Bar.framework; sourceTree = BUILT_PRODUCTS_DIR; };
		D60BF6C8262C7B0900C73166 /* Switch Bar.app */ = {isa = PBXFileReference; explicitFileType = wrapper.application; includeInIndex = 0; path = "Switch Bar.app"; sourceTree = BUILT_PRODUCTS_DIR; };
		D60BF6CB262C7B0900C73166 /* AppDelegate.swift */ = {isa = PBXFileReference; lastKnownFileType = sourcecode.swift; path = AppDelegate.swift; sourceTree = "<group>"; };
		D60BF6CD262C7B0900C73166 /* SceneDelegate.swift */ = {isa = PBXFileReference; lastKnownFileType = sourcecode.swift; path = SceneDelegate.swift; sourceTree = "<group>"; };
		D60BF6CF262C7B0900C73166 /* ViewController.swift */ = {isa = PBXFileReference; lastKnownFileType = sourcecode.swift; path = ViewController.swift; sourceTree = "<group>"; };
		D60BF6D2262C7B0900C73166 /* Base */ = {isa = PBXFileReference; lastKnownFileType = file.storyboard; name = Base; path = Base.lproj/Main.storyboard; sourceTree = "<group>"; };
		D60BF6D4262C7B0A00C73166 /* Assets.xcassets */ = {isa = PBXFileReference; lastKnownFileType = folder.assetcatalog; path = Assets.xcassets; sourceTree = "<group>"; };
		D60BF6D7262C7B0A00C73166 /* Base */ = {isa = PBXFileReference; lastKnownFileType = file.storyboard; name = Base; path = Base.lproj/LaunchScreen.storyboard; sourceTree = "<group>"; };
		D60BF6D9262C7B0A00C73166 /* Info.plist */ = {isa = PBXFileReference; lastKnownFileType = text.plist.xml; path = Info.plist; sourceTree = "<group>"; };
		D60BF6DE262C7B0A00C73166 /* Switch BarTests.xctest */ = {isa = PBXFileReference; explicitFileType = wrapper.cfbundle; includeInIndex = 0; path = "Switch BarTests.xctest"; sourceTree = BUILT_PRODUCTS_DIR; };
		D60BF6E2262C7B0A00C73166 /* Switch_BarTests.swift */ = {isa = PBXFileReference; lastKnownFileType = sourcecode.swift; path = Switch_BarTests.swift; sourceTree = "<group>"; };
		D60BF6E4262C7B0A00C73166 /* Info.plist */ = {isa = PBXFileReference; lastKnownFileType = text.plist.xml; path = Info.plist; sourceTree = "<group>"; };
		D60BF6E9262C7B0A00C73166 /* Switch BarUITests.xctest */ = {isa = PBXFileReference; explicitFileType = wrapper.cfbundle; includeInIndex = 0; path = "Switch BarUITests.xctest"; sourceTree = BUILT_PRODUCTS_DIR; };
		D60BF6ED262C7B0A00C73166 /* Switch_BarUITests.swift */ = {isa = PBXFileReference; lastKnownFileType = sourcecode.swift; path = Switch_BarUITests.swift; sourceTree = "<group>"; };
		D60BF6EF262C7B0A00C73166 /* Info.plist */ = {isa = PBXFileReference; lastKnownFileType = text.plist.xml; path = Info.plist; sourceTree = "<group>"; };
		D60BF708262C80DC00C73166 /* CustomSwitchBar.swift */ = {isa = PBXFileReference; lastKnownFileType = sourcecode.swift; path = CustomSwitchBar.swift; sourceTree = "<group>"; };
		EAD8D21F2012150F86965337 /* Pods-Switch Bar.release.xcconfig */ = {isa = PBXFileReference; includeInIndex = 1; lastKnownFileType = text.xcconfig; name = "Pods-Switch Bar.release.xcconfig"; path = "Target Support Files/Pods-Switch Bar/Pods-Switch Bar.release.xcconfig"; sourceTree = "<group>"; };
/* End PBXFileReference section */

/* Begin PBXFrameworksBuildPhase section */
		D60BF6C5262C7B0900C73166 /* Frameworks */ = {
			isa = PBXFrameworksBuildPhase;
			buildActionMask = 2147483647;
			files = (
				CB7C9A8237ED1E1DF500B4A0 /* Pods_Switch_Bar.framework in Frameworks */,
			);
			runOnlyForDeploymentPostprocessing = 0;
		};
		D60BF6DB262C7B0A00C73166 /* Frameworks */ = {
			isa = PBXFrameworksBuildPhase;
			buildActionMask = 2147483647;
			files = (
				7C41C8F33109BC87CCE3AFCB /* Pods_Switch_BarTests.framework in Frameworks */,
			);
			runOnlyForDeploymentPostprocessing = 0;
		};
		D60BF6E6262C7B0A00C73166 /* Frameworks */ = {
			isa = PBXFrameworksBuildPhase;
			buildActionMask = 2147483647;
			files = (
				41103AF30C0D98362A52CD14 /* Pods_Switch_Bar_Switch_BarUITests.framework in Frameworks */,
			);
			runOnlyForDeploymentPostprocessing = 0;
		};
/* End PBXFrameworksBuildPhase section */

/* Begin PBXGroup section */
		22DEE3858BB3C2EB3B5D5F89 /* Pods */ = {
			isa = PBXGroup;
			children = (
				1D966A1BC85BA0D0A0C6B50C /* Pods-Switch Bar.debug.xcconfig */,
				EAD8D21F2012150F86965337 /* Pods-Switch Bar.release.xcconfig */,
				841B39EAE9D44C480955DC4D /* Pods-Switch Bar-Switch BarUITests.debug.xcconfig */,
				3C6107EB09424C174A21E0B3 /* Pods-Switch Bar-Switch BarUITests.release.xcconfig */,
				54B6FD09D6960277B5378571 /* Pods-Switch BarTests.debug.xcconfig */,
				6DBADC565F4FD08CC0FE570A /* Pods-Switch BarTests.release.xcconfig */,
			);
			path = Pods;
			sourceTree = "<group>";
		};
		8CB9CC73492E109B35BE57B8 /* Frameworks */ = {
			isa = PBXGroup;
			children = (
				9974A022BB79C22968D869D0 /* Pods_Switch_Bar.framework */,
				83D402D732459194EE4C4CE9 /* Pods_Switch_Bar_Switch_BarUITests.framework */,
				00AD5E033AEE5B8A34D697CF /* Pods_Switch_BarTests.framework */,
			);
			name = Frameworks;
			sourceTree = "<group>";
		};
		D60BF6BF262C7B0900C73166 = {
			isa = PBXGroup;
			children = (
				D60BF6CA262C7B0900C73166 /* Switch Bar */,
				D60BF6E1262C7B0A00C73166 /* Switch BarTests */,
				D60BF6EC262C7B0A00C73166 /* Switch BarUITests */,
				D60BF6C9262C7B0900C73166 /* Products */,
				22DEE3858BB3C2EB3B5D5F89 /* Pods */,
				8CB9CC73492E109B35BE57B8 /* Frameworks */,
			);
			sourceTree = "<group>";
		};
		D60BF6C9262C7B0900C73166 /* Products */ = {
			isa = PBXGroup;
			children = (
				D60BF6C8262C7B0900C73166 /* Switch Bar.app */,
				D60BF6DE262C7B0A00C73166 /* Switch BarTests.xctest */,
				D60BF6E9262C7B0A00C73166 /* Switch BarUITests.xctest */,
			);
			name = Products;
			sourceTree = "<group>";
		};
		D60BF6CA262C7B0900C73166 /* Switch Bar */ = {
			isa = PBXGroup;
			children = (
				D60BF6CB262C7B0900C73166 /* AppDelegate.swift */,
				D60BF6CD262C7B0900C73166 /* SceneDelegate.swift */,
				D60BF6CF262C7B0900C73166 /* ViewController.swift */,
				D60BF708262C80DC00C73166 /* CustomSwitchBar.swift */,
				D60BF6D1262C7B0900C73166 /* Main.storyboard */,
				D60BF6D4262C7B0A00C73166 /* Assets.xcassets */,
				D60BF6D6262C7B0A00C73166 /* LaunchScreen.storyboard */,
				D60BF6D9262C7B0A00C73166 /* Info.plist */,
			);
			path = "Switch Bar";
			sourceTree = "<group>";
		};
		D60BF6E1262C7B0A00C73166 /* Switch BarTests */ = {
			isa = PBXGroup;
			children = (
				D60BF6E2262C7B0A00C73166 /* Switch_BarTests.swift */,
				D60BF6E4262C7B0A00C73166 /* Info.plist */,
			);
			path = "Switch BarTests";
			sourceTree = "<group>";
		};
		D60BF6EC262C7B0A00C73166 /* Switch BarUITests */ = {
			isa = PBXGroup;
			children = (
				D60BF6ED262C7B0A00C73166 /* Switch_BarUITests.swift */,
				D60BF6EF262C7B0A00C73166 /* Info.plist */,
			);
			path = "Switch BarUITests";
			sourceTree = "<group>";
		};
/* End PBXGroup section */

/* Begin PBXNativeTarget section */
		D60BF6C7262C7B0900C73166 /* Switch Bar */ = {
			isa = PBXNativeTarget;
			buildConfigurationList = D60BF6F2262C7B0A00C73166 /* Build configuration list for PBXNativeTarget "Switch Bar" */;
			buildPhases = (
				6DF97FFDA07C0B643FA5E665 /* [CP] Check Pods Manifest.lock */,
				D60BF6C4262C7B0900C73166 /* Sources */,
				D60BF6C5262C7B0900C73166 /* Frameworks */,
				D60BF6C6262C7B0900C73166 /* Resources */,
				8B509E623B8D6525A8C8E99C /* [CP] Embed Pods Frameworks */,
			);
			buildRules = (
			);
			dependencies = (
			);
			name = "Switch Bar";
			productName = "Switch Bar";
			productReference = D60BF6C8262C7B0900C73166 /* Switch Bar.app */;
			productType = "com.apple.product-type.application";
		};
		D60BF6DD262C7B0A00C73166 /* Switch BarTests */ = {
			isa = PBXNativeTarget;
			buildConfigurationList = D60BF6F5262C7B0A00C73166 /* Build configuration list for PBXNativeTarget "Switch BarTests" */;
			buildPhases = (
				28339642AF214E06DE2D08EF /* [CP] Check Pods Manifest.lock */,
				D60BF6DA262C7B0A00C73166 /* Sources */,
				D60BF6DB262C7B0A00C73166 /* Frameworks */,
				D60BF6DC262C7B0A00C73166 /* Resources */,
			);
			buildRules = (
			);
			dependencies = (
				D60BF6E0262C7B0A00C73166 /* PBXTargetDependency */,
			);
			name = "Switch BarTests";
			productName = "Switch BarTests";
			productReference = D60BF6DE262C7B0A00C73166 /* Switch BarTests.xctest */;
			productType = "com.apple.product-type.bundle.unit-test";
		};
		D60BF6E8262C7B0A00C73166 /* Switch BarUITests */ = {
			isa = PBXNativeTarget;
			buildConfigurationList = D60BF6F8262C7B0A00C73166 /* Build configuration list for PBXNativeTarget "Switch BarUITests" */;
			buildPhases = (
				9D648D9B3CABFC3CC3EEE049 /* [CP] Check Pods Manifest.lock */,
				D60BF6E5262C7B0A00C73166 /* Sources */,
				D60BF6E6262C7B0A00C73166 /* Frameworks */,
				D60BF6E7262C7B0A00C73166 /* Resources */,
				C22FF0CC9BCBA732D18E0613 /* [CP] Embed Pods Frameworks */,
			);
			buildRules = (
			);
			dependencies = (
				D60BF6EB262C7B0A00C73166 /* PBXTargetDependency */,
			);
			name = "Switch BarUITests";
			productName = "Switch BarUITests";
			productReference = D60BF6E9262C7B0A00C73166 /* Switch BarUITests.xctest */;
			productType = "com.apple.product-type.bundle.ui-testing";
		};
/* End PBXNativeTarget section */

/* Begin PBXProject section */
		D60BF6C0262C7B0900C73166 /* Project object */ = {
			isa = PBXProject;
			attributes = {
				LastSwiftUpdateCheck = 1240;
				LastUpgradeCheck = 1240;
				TargetAttributes = {
					D60BF6C7262C7B0900C73166 = {
						CreatedOnToolsVersion = 12.4;
					};
					D60BF6DD262C7B0A00C73166 = {
						CreatedOnToolsVersion = 12.4;
						TestTargetID = D60BF6C7262C7B0900C73166;
					};
					D60BF6E8262C7B0A00C73166 = {
						CreatedOnToolsVersion = 12.4;
						TestTargetID = D60BF6C7262C7B0900C73166;
					};
				};
			};
			buildConfigurationList = D60BF6C3262C7B0900C73166 /* Build configuration list for PBXProject "Switch Bar" */;
			compatibilityVersion = "Xcode 9.3";
			developmentRegion = en;
			hasScannedForEncodings = 0;
			knownRegions = (
				en,
				Base,
			);
			mainGroup = D60BF6BF262C7B0900C73166;
			productRefGroup = D60BF6C9262C7B0900C73166 /* Products */;
			projectDirPath = "";
			projectRoot = "";
			targets = (
				D60BF6C7262C7B0900C73166 /* Switch Bar */,
				D60BF6DD262C7B0A00C73166 /* Switch BarTests */,
				D60BF6E8262C7B0A00C73166 /* Switch BarUITests */,
			);
		};
/* End PBXProject section */

/* Begin PBXResourcesBuildPhase section */
		D60BF6C6262C7B0900C73166 /* Resources */ = {
			isa = PBXResourcesBuildPhase;
			buildActionMask = 2147483647;
			files = (
				D60BF6D8262C7B0A00C73166 /* LaunchScreen.storyboard in Resources */,
				D60BF6D5262C7B0A00C73166 /* Assets.xcassets in Resources */,
				D60BF6D3262C7B0900C73166 /* Main.storyboard in Resources */,
			);
			runOnlyForDeploymentPostprocessing = 0;
		};
		D60BF6DC262C7B0A00C73166 /* Resources */ = {
			isa = PBXResourcesBuildPhase;
			buildActionMask = 2147483647;
			files = (
			);
			runOnlyForDeploymentPostprocessing = 0;
		};
		D60BF6E7262C7B0A00C73166 /* Resources */ = {
			isa = PBXResourcesBuildPhase;
			buildActionMask = 2147483647;
			files = (
			);
			runOnlyForDeploymentPostprocessing = 0;
		};
/* End PBXResourcesBuildPhase section */

/* Begin PBXShellScriptBuildPhase section */
		28339642AF214E06DE2D08EF /* [CP] Check Pods Manifest.lock */ = {
			isa = PBXShellScriptBuildPhase;
			buildActionMask = 2147483647;
			files = (
			);
			inputFileListPaths = (
			);
			inputPaths = (
				"${PODS_PODFILE_DIR_PATH}/Podfile.lock",
				"${PODS_ROOT}/Manifest.lock",
			);
			name = "[CP] Check Pods Manifest.lock";
			outputFileListPaths = (
			);
			outputPaths = (
				"$(DERIVED_FILE_DIR)/Pods-Switch BarTests-checkManifestLockResult.txt",
			);
			runOnlyForDeploymentPostprocessing = 0;
			shellPath = /bin/sh;
			shellScript = "diff \"${PODS_PODFILE_DIR_PATH}/Podfile.lock\" \"${PODS_ROOT}/Manifest.lock\" > /dev/null\nif [ $? != 0 ] ; then\n    # print error to STDERR\n    echo \"error: The sandbox is not in sync with the Podfile.lock. Run 'pod install' or update your CocoaPods installation.\" >&2\n    exit 1\nfi\n# This output is used by Xcode 'outputs' to avoid re-running this script phase.\necho \"SUCCESS\" > \"${SCRIPT_OUTPUT_FILE_0}\"\n";
			showEnvVarsInLog = 0;
		};
		6DF97FFDA07C0B643FA5E665 /* [CP] Check Pods Manifest.lock */ = {
			isa = PBXShellScriptBuildPhase;
			buildActionMask = 2147483647;
			files = (
			);
			inputFileListPaths = (
			);
			inputPaths = (
				"${PODS_PODFILE_DIR_PATH}/Podfile.lock",
				"${PODS_ROOT}/Manifest.lock",
			);
			name = "[CP] Check Pods Manifest.lock";
			outputFileListPaths = (
			);
			outputPaths = (
				"$(DERIVED_FILE_DIR)/Pods-Switch Bar-checkManifestLockResult.txt",
			);
			runOnlyForDeploymentPostprocessing = 0;
			shellPath = /bin/sh;
			shellScript = "diff \"${PODS_PODFILE_DIR_PATH}/Podfile.lock\" \"${PODS_ROOT}/Manifest.lock\" > /dev/null\nif [ $? != 0 ] ; then\n    # print error to STDERR\n    echo \"error: The sandbox is not in sync with the Podfile.lock. Run 'pod install' or update your CocoaPods installation.\" >&2\n    exit 1\nfi\n# This output is used by Xcode 'outputs' to avoid re-running this script phase.\necho \"SUCCESS\" > \"${SCRIPT_OUTPUT_FILE_0}\"\n";
			showEnvVarsInLog = 0;
		};
		8B509E623B8D6525A8C8E99C /* [CP] Embed Pods Frameworks */ = {
			isa = PBXShellScriptBuildPhase;
			buildActionMask = 2147483647;
			files = (
			);
			inputFileListPaths = (
				"${PODS_ROOT}/Target Support Files/Pods-Switch Bar/Pods-Switch Bar-frameworks-${CONFIGURATION}-input-files.xcfilelist",
			);
			name = "[CP] Embed Pods Frameworks";
			outputFileListPaths = (
				"${PODS_ROOT}/Target Support Files/Pods-Switch Bar/Pods-Switch Bar-frameworks-${CONFIGURATION}-output-files.xcfilelist",
			);
			runOnlyForDeploymentPostprocessing = 0;
			shellPath = /bin/sh;
			shellScript = "\"${PODS_ROOT}/Target Support Files/Pods-Switch Bar/Pods-Switch Bar-frameworks.sh\"\n";
			showEnvVarsInLog = 0;
		};
		9D648D9B3CABFC3CC3EEE049 /* [CP] Check Pods Manifest.lock */ = {
			isa = PBXShellScriptBuildPhase;
			buildActionMask = 2147483647;
			files = (
			);
			inputFileListPaths = (
			);
			inputPaths = (
				"${PODS_PODFILE_DIR_PATH}/Podfile.lock",
				"${PODS_ROOT}/Manifest.lock",
			);
			name = "[CP] Check Pods Manifest.lock";
			outputFileListPaths = (
			);
			outputPaths = (
				"$(DERIVED_FILE_DIR)/Pods-Switch Bar-Switch BarUITests-checkManifestLockResult.txt",
			);
			runOnlyForDeploymentPostprocessing = 0;
			shellPath = /bin/sh;
			shellScript = "diff \"${PODS_PODFILE_DIR_PATH}/Podfile.lock\" \"${PODS_ROOT}/Manifest.lock\" > /dev/null\nif [ $? != 0 ] ; then\n    # print error to STDERR\n    echo \"error: The sandbox is not in sync with the Podfile.lock. Run 'pod install' or update your CocoaPods installation.\" >&2\n    exit 1\nfi\n# This output is used by Xcode 'outputs' to avoid re-running this script phase.\necho \"SUCCESS\" > \"${SCRIPT_OUTPUT_FILE_0}\"\n";
			showEnvVarsInLog = 0;
		};
		C22FF0CC9BCBA732D18E0613 /* [CP] Embed Pods Frameworks */ = {
			isa = PBXShellScriptBuildPhase;
			buildActionMask = 2147483647;
			files = (
			);
			inputFileListPaths = (
				"${PODS_ROOT}/Target Support Files/Pods-Switch Bar-Switch BarUITests/Pods-Switch Bar-Switch BarUITests-frameworks-${CONFIGURATION}-input-files.xcfilelist",
			);
			name = "[CP] Embed Pods Frameworks";
			outputFileListPaths = (
				"${PODS_ROOT}/Target Support Files/Pods-Switch Bar-Switch BarUITests/Pods-Switch Bar-Switch BarUITests-frameworks-${CONFIGURATION}-output-files.xcfilelist",
			);
			runOnlyForDeploymentPostprocessing = 0;
			shellPath = /bin/sh;
			shellScript = "\"${PODS_ROOT}/Target Support Files/Pods-Switch Bar-Switch BarUITests/Pods-Switch Bar-Switch BarUITests-frameworks.sh\"\n";
			showEnvVarsInLog = 0;
		};
/* End PBXShellScriptBuildPhase section */

/* Begin PBXSourcesBuildPhase section */
		D60BF6C4262C7B0900C73166 /* Sources */ = {
			isa = PBXSourcesBuildPhase;
			buildActionMask = 2147483647;
			files = (
				D60BF6D0262C7B0900C73166 /* ViewController.swift in Sources */,
				D60BF6CC262C7B0900C73166 /* AppDelegate.swift in Sources */,
				D60BF709262C80DC00C73166 /* CustomSwitchBar.swift in Sources */,
				D60BF6CE262C7B0900C73166 /* SceneDelegate.swift in Sources */,
			);
			runOnlyForDeploymentPostprocessing = 0;
		};
		D60BF6DA262C7B0A00C73166 /* Sources */ = {
			isa = PBXSourcesBuildPhase;
			buildActionMask = 2147483647;
			files = (
				D60BF6E3262C7B0A00C73166 /* Switch_BarTests.swift in Sources */,
			);
			runOnlyForDeploymentPostprocessing = 0;
		};
		D60BF6E5262C7B0A00C73166 /* Sources */ = {
			isa = PBXSourcesBuildPhase;
			buildActionMask = 2147483647;
			files = (
				D60BF6EE262C7B0A00C73166 /* Switch_BarUITests.swift in Sources */,
			);
			runOnlyForDeploymentPostprocessing = 0;
		};
/* End PBXSourcesBuildPhase section */

/* Begin PBXTargetDependency section */
		D60BF6E0262C7B0A00C73166 /* PBXTargetDependency */ = {
			isa = PBXTargetDependency;
			target = D60BF6C7262C7B0900C73166 /* Switch Bar */;
			targetProxy = D60BF6DF262C7B0A00C73166 /* PBXContainerItemProxy */;
		};
		D60BF6EB262C7B0A00C73166 /* PBXTargetDependency */ = {
			isa = PBXTargetDependency;
			target = D60BF6C7262C7B0900C73166 /* Switch Bar */;
			targetProxy = D60BF6EA262C7B0A00C73166 /* PBXContainerItemProxy */;
		};
/* End PBXTargetDependency section */

/* Begin PBXVariantGroup section */
		D60BF6D1262C7B0900C73166 /* Main.storyboard */ = {
			isa = PBXVariantGroup;
			children = (
				D60BF6D2262C7B0900C73166 /* Base */,
			);
			name = Main.storyboard;
			sourceTree = "<group>";
		};
		D60BF6D6262C7B0A00C73166 /* LaunchScreen.storyboard */ = {
			isa = PBXVariantGroup;
			children = (
				D60BF6D7262C7B0A00C73166 /* Base */,
			);
			name = LaunchScreen.storyboard;
			sourceTree = "<group>";
		};
/* End PBXVariantGroup section */

/* Begin XCBuildConfiguration section */
		D60BF6F0262C7B0A00C73166 /* Debug */ = {
			isa = XCBuildConfiguration;
			buildSettings = {
				ALWAYS_SEARCH_USER_PATHS = NO;
				CLANG_ANALYZER_NONNULL = YES;
				CLANG_ANALYZER_NUMBER_OBJECT_CONVERSION = YES_AGGRESSIVE;
				CLANG_CXX_LANGUAGE_STANDARD = "gnu++14";
				CLANG_CXX_LIBRARY = "libc++";
				CLANG_ENABLE_MODULES = YES;
				CLANG_ENABLE_OBJC_ARC = YES;
				CLANG_ENABLE_OBJC_WEAK = YES;
				CLANG_WARN_BLOCK_CAPTURE_AUTORELEASING = YES;
				CLANG_WARN_BOOL_CONVERSION = YES;
				CLANG_WARN_COMMA = YES;
				CLANG_WARN_CONSTANT_CONVERSION = YES;
				CLANG_WARN_DEPRECATED_OBJC_IMPLEMENTATIONS = YES;
				CLANG_WARN_DIRECT_OBJC_ISA_USAGE = YES_ERROR;
				CLANG_WARN_DOCUMENTATION_COMMENTS = YES;
				CLANG_WARN_EMPTY_BODY = YES;
				CLANG_WARN_ENUM_CONVERSION = YES;
				CLANG_WARN_INFINITE_RECURSION = YES;
				CLANG_WARN_INT_CONVERSION = YES;
				CLANG_WARN_NON_LITERAL_NULL_CONVERSION = YES;
				CLANG_WARN_OBJC_IMPLICIT_RETAIN_SELF = YES;
				CLANG_WARN_OBJC_LITERAL_CONVERSION = YES;
				CLANG_WARN_OBJC_ROOT_CLASS = YES_ERROR;
				CLANG_WARN_QUOTED_INCLUDE_IN_FRAMEWORK_HEADER = YES;
				CLANG_WARN_RANGE_LOOP_ANALYSIS = YES;
				CLANG_WARN_STRICT_PROTOTYPES = YES;
				CLANG_WARN_SUSPICIOUS_MOVE = YES;
				CLANG_WARN_UNGUARDED_AVAILABILITY = YES_AGGRESSIVE;
				CLANG_WARN_UNREACHABLE_CODE = YES;
				CLANG_WARN__DUPLICATE_METHOD_MATCH = YES;
				COPY_PHASE_STRIP = NO;
				DEBUG_INFORMATION_FORMAT = dwarf;
				ENABLE_STRICT_OBJC_MSGSEND = YES;
				ENABLE_TESTABILITY = YES;
				GCC_C_LANGUAGE_STANDARD = gnu11;
				GCC_DYNAMIC_NO_PIC = NO;
				GCC_NO_COMMON_BLOCKS = YES;
				GCC_OPTIMIZATION_LEVEL = 0;
				GCC_PREPROCESSOR_DEFINITIONS = (
					"DEBUG=1",
					"$(inherited)",
				);
				GCC_WARN_64_TO_32_BIT_CONVERSION = YES;
				GCC_WARN_ABOUT_RETURN_TYPE = YES_ERROR;
				GCC_WARN_UNDECLARED_SELECTOR = YES;
				GCC_WARN_UNINITIALIZED_AUTOS = YES_AGGRESSIVE;
				GCC_WARN_UNUSED_FUNCTION = YES;
				GCC_WARN_UNUSED_VARIABLE = YES;
				IPHONEOS_DEPLOYMENT_TARGET = 14.4;
				MTL_ENABLE_DEBUG_INFO = INCLUDE_SOURCE;
				MTL_FAST_MATH = YES;
				ONLY_ACTIVE_ARCH = YES;
				SDKROOT = iphoneos;
				SWIFT_ACTIVE_COMPILATION_CONDITIONS = DEBUG;
				SWIFT_OPTIMIZATION_LEVEL = "-Onone";
			};
			name = Debug;
		};
		D60BF6F1262C7B0A00C73166 /* Release */ = {
			isa = XCBuildConfiguration;
			buildSettings = {
				ALWAYS_SEARCH_USER_PATHS = NO;
				CLANG_ANALYZER_NONNULL = YES;
				CLANG_ANALYZER_NUMBER_OBJECT_CONVERSION = YES_AGGRESSIVE;
				CLANG_CXX_LANGUAGE_STANDARD = "gnu++14";
				CLANG_CXX_LIBRARY = "libc++";
				CLANG_ENABLE_MODULES = YES;
				CLANG_ENABLE_OBJC_ARC = YES;
				CLANG_ENABLE_OBJC_WEAK = YES;
				CLANG_WARN_BLOCK_CAPTURE_AUTORELEASING = YES;
				CLANG_WARN_BOOL_CONVERSION = YES;
				CLANG_WARN_COMMA = YES;
				CLANG_WARN_CONSTANT_CONVERSION = YES;
				CLANG_WARN_DEPRECATED_OBJC_IMPLEMENTATIONS = YES;
				CLANG_WARN_DIRECT_OBJC_ISA_USAGE = YES_ERROR;
				CLANG_WARN_DOCUMENTATION_COMMENTS = YES;
				CLANG_WARN_EMPTY_BODY = YES;
				CLANG_WARN_ENUM_CONVERSION = YES;
				CLANG_WARN_INFINITE_RECURSION = YES;
				CLANG_WARN_INT_CONVERSION = YES;
				CLANG_WARN_NON_LITERAL_NULL_CONVERSION = YES;
				CLANG_WARN_OBJC_IMPLICIT_RETAIN_SELF = YES;
				CLANG_WARN_OBJC_LITERAL_CONVERSION = YES;
				CLANG_WARN_OBJC_ROOT_CLASS = YES_ERROR;
				CLANG_WARN_QUOTED_INCLUDE_IN_FRAMEWORK_HEADER = YES;
				CLANG_WARN_RANGE_LOOP_ANALYSIS = YES;
				CLANG_WARN_STRICT_PROTOTYPES = YES;
				CLANG_WARN_SUSPICIOUS_MOVE = YES;
				CLANG_WARN_UNGUARDED_AVAILABILITY = YES_AGGRESSIVE;
				CLANG_WARN_UNREACHABLE_CODE = YES;
				CLANG_WARN__DUPLICATE_METHOD_MATCH = YES;
				COPY_PHASE_STRIP = NO;
				DEBUG_INFORMATION_FORMAT = "dwarf-with-dsym";
				ENABLE_NS_ASSERTIONS = NO;
				ENABLE_STRICT_OBJC_MSGSEND = YES;
				GCC_C_LANGUAGE_STANDARD = gnu11;
				GCC_NO_COMMON_BLOCKS = YES;
				GCC_WARN_64_TO_32_BIT_CONVERSION = YES;
				GCC_WARN_ABOUT_RETURN_TYPE = YES_ERROR;
				GCC_WARN_UNDECLARED_SELECTOR = YES;
				GCC_WARN_UNINITIALIZED_AUTOS = YES_AGGRESSIVE;
				GCC_WARN_UNUSED_FUNCTION = YES;
				GCC_WARN_UNUSED_VARIABLE = YES;
				IPHONEOS_DEPLOYMENT_TARGET = 14.4;
				MTL_ENABLE_DEBUG_INFO = NO;
				MTL_FAST_MATH = YES;
				SDKROOT = iphoneos;
				SWIFT_COMPILATION_MODE = wholemodule;
				SWIFT_OPTIMIZATION_LEVEL = "-O";
				VALIDATE_PRODUCT = YES;
			};
			name = Release;
		};
		D60BF6F3262C7B0A00C73166 /* Debug */ = {
			isa = XCBuildConfiguration;
			baseConfigurationReference = 1D966A1BC85BA0D0A0C6B50C /* Pods-Switch Bar.debug.xcconfig */;
			buildSettings = {
				ASSETCATALOG_COMPILER_APPICON_NAME = AppIcon;
				ASSETCATALOG_COMPILER_GLOBAL_ACCENT_COLOR_NAME = AccentColor;
				CODE_SIGN_STYLE = Automatic;
				INFOPLIST_FILE = "Switch Bar/Info.plist";
				LD_RUNPATH_SEARCH_PATHS = (
					"$(inherited)",
					"@executable_path/Frameworks",
				);
				PRODUCT_BUNDLE_IDENTIFIER = "GeekTech.com.Switch-Bar";
				PRODUCT_NAME = "$(TARGET_NAME)";
				SWIFT_VERSION = 5.0;
				TARGETED_DEVICE_FAMILY = "1,2";
			};
			name = Debug;
		};
		D60BF6F4262C7B0A00C73166 /* Release */ = {
			isa = XCBuildConfiguration;
			baseConfigurationReference = EAD8D21F2012150F86965337 /* Pods-Switch Bar.release.xcconfig */;
			buildSettings = {
				ASSETCATALOG_COMPILER_APPICON_NAME = AppIcon;
				ASSETCATALOG_COMPILER_GLOBAL_ACCENT_COLOR_NAME = AccentColor;
				CODE_SIGN_STYLE = Automatic;
				INFOPLIST_FILE = "Switch Bar/Info.plist";
				LD_RUNPATH_SEARCH_PATHS = (
					"$(inherited)",
					"@executable_path/Frameworks",
				);
				PRODUCT_BUNDLE_IDENTIFIER = "GeekTech.com.Switch-Bar";
				PRODUCT_NAME = "$(TARGET_NAME)";
				SWIFT_VERSION = 5.0;
				TARGETED_DEVICE_FAMILY = "1,2";
			};
			name = Release;
		};
		D60BF6F6262C7B0A00C73166 /* Debug */ = {
			isa = XCBuildConfiguration;
			baseConfigurationReference = 54B6FD09D6960277B5378571 /* Pods-Switch BarTests.debug.xcconfig */;
			buildSettings = {
				ALWAYS_EMBED_SWIFT_STANDARD_LIBRARIES = YES;
				BUNDLE_LOADER = "$(TEST_HOST)";
				CODE_SIGN_STYLE = Automatic;
				INFOPLIST_FILE = "Switch BarTests/Info.plist";
				IPHONEOS_DEPLOYMENT_TARGET = 14.4;
				LD_RUNPATH_SEARCH_PATHS = (
					"$(inherited)",
					"@executable_path/Frameworks",
					"@loader_path/Frameworks",
				);
				PRODUCT_BUNDLE_IDENTIFIER = "GeekTech.com.Switch-BarTests";
				PRODUCT_NAME = "$(TARGET_NAME)";
				SWIFT_VERSION = 5.0;
				TARGETED_DEVICE_FAMILY = "1,2";
				TEST_HOST = "$(BUILT_PRODUCTS_DIR)/Switch Bar.app/Switch Bar";
			};
			name = Debug;
		};
		D60BF6F7262C7B0A00C73166 /* Release */ = {
			isa = XCBuildConfiguration;
			baseConfigurationReference = 6DBADC565F4FD08CC0FE570A /* Pods-Switch BarTests.release.xcconfig */;
			buildSettings = {
				ALWAYS_EMBED_SWIFT_STANDARD_LIBRARIES = YES;
				BUNDLE_LOADER = "$(TEST_HOST)";
				CODE_SIGN_STYLE = Automatic;
				INFOPLIST_FILE = "Switch BarTests/Info.plist";
				IPHONEOS_DEPLOYMENT_TARGET = 14.4;
				LD_RUNPATH_SEARCH_PATHS = (
					"$(inherited)",
					"@executable_path/Frameworks",
					"@loader_path/Frameworks",
				);
				PRODUCT_BUNDLE_IDENTIFIER = "GeekTech.com.Switch-BarTests";
				PRODUCT_NAME = "$(TARGET_NAME)";
				SWIFT_VERSION = 5.0;
				TARGETED_DEVICE_FAMILY = "1,2";
				TEST_HOST = "$(BUILT_PRODUCTS_DIR)/Switch Bar.app/Switch Bar";
			};
			name = Release;
		};
		D60BF6F9262C7B0A00C73166 /* Debug */ = {
			isa = XCBuildConfiguration;
			baseConfigurationReference = 841B39EAE9D44C480955DC4D /* Pods-Switch Bar-Switch BarUITests.debug.xcconfig */;
			buildSettings = {
				ALWAYS_EMBED_SWIFT_STANDARD_LIBRARIES = YES;
				CODE_SIGN_STYLE = Automatic;
				INFOPLIST_FILE = "Switch BarUITests/Info.plist";
				LD_RUNPATH_SEARCH_PATHS = (
					"$(inherited)",
					"@executable_path/Frameworks",
					"@loader_path/Frameworks",
				);
				PRODUCT_BUNDLE_IDENTIFIER = "GeekTech.com.Switch-BarUITests";
				PRODUCT_NAME = "$(TARGET_NAME)";
				SWIFT_VERSION = 5.0;
				TARGETED_DEVICE_FAMILY = "1,2";
				TEST_TARGET_NAME = "Switch Bar";
			};
			name = Debug;
		};
		D60BF6FA262C7B0A00C73166 /* Release */ = {
			isa = XCBuildConfiguration;
			baseConfigurationReference = 3C6107EB09424C174A21E0B3 /* Pods-Switch Bar-Switch BarUITests.release.xcconfig */;
			buildSettings = {
				ALWAYS_EMBED_SWIFT_STANDARD_LIBRARIES = YES;
				CODE_SIGN_STYLE = Automatic;
				INFOPLIST_FILE = "Switch BarUITests/Info.plist";
				LD_RUNPATH_SEARCH_PATHS = (
					"$(inherited)",
					"@executable_path/Frameworks",
					"@loader_path/Frameworks",
				);
				PRODUCT_BUNDLE_IDENTIFIER = "GeekTech.com.Switch-BarUITests";
				PRODUCT_NAME = "$(TARGET_NAME)";
				SWIFT_VERSION = 5.0;
				TARGETED_DEVICE_FAMILY = "1,2";
				TEST_TARGET_NAME = "Switch Bar";
			};
			name = Release;
		};
/* End XCBuildConfiguration section */

/* Begin XCConfigurationList section */
		D60BF6C3262C7B0900C73166 /* Build configuration list for PBXProject "Switch Bar" */ = {
			isa = XCConfigurationList;
			buildConfigurations = (
				D60BF6F0262C7B0A00C73166 /* Debug */,
				D60BF6F1262C7B0A00C73166 /* Release */,
			);
			defaultConfigurationIsVisible = 0;
			defaultConfigurationName = Release;
		};
		D60BF6F2262C7B0A00C73166 /* Build configuration list for PBXNativeTarget "Switch Bar" */ = {
			isa = XCConfigurationList;
			buildConfigurations = (
				D60BF6F3262C7B0A00C73166 /* Debug */,
				D60BF6F4262C7B0A00C73166 /* Release */,
			);
			defaultConfigurationIsVisible = 0;
			defaultConfigurationName = Release;
		};
		D60BF6F5262C7B0A00C73166 /* Build configuration list for PBXNativeTarget "Switch BarTests" */ = {
			isa = XCConfigurationList;
			buildConfigurations = (
				D60BF6F6262C7B0A00C73166 /* Debug */,
				D60BF6F7262C7B0A00C73166 /* Release */,
			);
			defaultConfigurationIsVisible = 0;
			defaultConfigurationName = Release;
		};
		D60BF6F8262C7B0A00C73166 /* Build configuration list for PBXNativeTarget "Switch BarUITests" */ = {
			isa = XCConfigurationList;
			buildConfigurations = (
				D60BF6F9262C7B0A00C73166 /* Debug */,
				D60BF6FA262C7B0A00C73166 /* Release */,
			);
			defaultConfigurationIsVisible = 0;
			defaultConfigurationName = Release;
		};
/* End XCConfigurationList section */
	};
	rootObject = D60BF6C0262C7B0900C73166 /* Project object */;
}
